
Microsoft Visual Studio Solution File, Format Version 12.00
# Visual Studio Version 16
VisualStudioVersion = 16.0.31911.196
MinimumVisualStudioVersion = 10.0.40219.1
Project("{2150E333-8FDC-42A3-9474-1A3956D46DE8}") = "src", "src", "{CA9FF0D3-8CA8-4D2A-A008-072B93AAB8F8}"
EndProject
Project("{2150E333-8FDC-42A3-9474-1A3956D46DE8}") = "test", "test", "{0C0F9E9E-A8D3-4BFF-825A-552ECBD3B1E1}"
EndProject
Project("{2150E333-8FDC-42A3-9474-1A3956D46DE8}") = "API", "API", "{D7879663-8038-4085-9929-C289DD672BBA}"
EndProject
Project("{2150E333-8FDC-42A3-9474-1A3956D46DE8}") = "Core", "Core", "{33EC3AF1-917D-4DFB-BCEB-0AB9BB517938}"
EndProject
Project("{2150E333-8FDC-42A3-9474-1A3956D46DE8}") = "Infrastructure", "Infrastructure", "{11DB7CFE-D916-46DD-82F5-C94D9792B9DB}"
EndProject
Project("{9A19103F-16F7-4668-BE54-9A1E7A4F7556}") = "IRIS.BCK.Core.Domain", "IRIS.BCK.Domain\IRIS.BCK.Core.Domain.csproj", "{AE60CB67-7573-49EE-98D9-E3124749E8BD}"
EndProject
Project("{9A19103F-16F7-4668-BE54-9A1E7A4F7556}") = "IRIS.BCK.Core.Application", "IRIS.BCK.Application\IRIS.BCK.Core.Application.csproj", "{BA12BB10-B187-44CE-93D3-FDFCE73EED9C}"
EndProject
Project("{9A19103F-16F7-4668-BE54-9A1E7A4F7556}") = "IRIS.BCK.Infrastructure.Persistence", "IRIS.BCK.Infrastructure.Persistence\IRIS.BCK.Infrastructure.Persistence.csproj", "{1BC92930-CAA2-480F-8465-7793AF009026}"
EndProject
Project("{9A19103F-16F7-4668-BE54-9A1E7A4F7556}") = "IRIS.BCK.Infrastructure.Messaging", "IRIS.BCK.Infrastructure.Messaging\IRIS.BCK.Infrastructure.Messaging.csproj", "{484DA8C0-8F61-4941-807E-9FB90AFA74AD}"
EndProject
Project("{FAE04EC0-301F-11D3-BF4B-00C04F79EFBC}") = "IRIS.BCK.Api", "IRIS.BCK.Api\IRIS.BCK.Api.csproj", "{7ED88F37-101A-45CF-9A36-39572C8DA032}"
EndProject
Project("{FAE04EC0-301F-11D3-BF4B-00C04F79EFBC}") = "IRIS.BCK.Infrastructure.FileManagement", "IRIS.BCK.Infrastructure.Files\IRIS.BCK.Infrastructure.FileManagement.csproj", "{47835D9D-9DC0-485A-8716-5FC8D11FF894}"
EndProject
Project("{FAE04EC0-301F-11D3-BF4B-00C04F79EFBC}") = "IRIS.BCK.Infrastructure.Payment", "IRIS.BCK.Infrastructure.Payment\IRIS.BCK.Infrastructure.Payment.csproj", "{127D01DE-AA5B-4589-BFA8-F316D9013D90}"
EndProject
Global
	GlobalSection(SolutionConfigurationPlatforms) = preSolution
		Debug|Any CPU = Debug|Any CPU
		Release|Any CPU = Release|Any CPU
	EndGlobalSection
	GlobalSection(ProjectConfigurationPlatforms) = postSolution
		{AE60CB67-7573-49EE-98D9-E3124749E8BD}.Debug|Any CPU.ActiveCfg = Debug|Any CPU
		{AE60CB67-7573-49EE-98D9-E3124749E8BD}.Debug|Any CPU.Build.0 = Debug|Any CPU
		{AE60CB67-7573-49EE-98D9-E3124749E8BD}.Release|Any CPU.ActiveCfg = Release|Any CPU
		{AE60CB67-7573-49EE-98D9-E3124749E8BD}.Release|Any CPU.Build.0 = Release|Any CPU
		{BA12BB10-B187-44CE-93D3-FDFCE73EED9C}.Debug|Any CPU.ActiveCfg = Debug|Any CPU
		{BA12BB10-B187-44CE-93D3-FDFCE73EED9C}.Debug|Any CPU.Build.0 = Debug|Any CPU
		{BA12BB10-B187-44CE-93D3-FDFCE73EED9C}.Release|Any CPU.ActiveCfg = Release|Any CPU
		{BA12BB10-B187-44CE-93D3-FDFCE73EED9C}.Release|Any CPU.Build.0 = Release|Any CPU
		{1BC92930-CAA2-480F-8465-7793AF009026}.Debug|Any CPU.ActiveCfg = Debug|Any CPU
		{1BC92930-CAA2-480F-8465-7793AF009026}.Debug|Any CPU.Build.0 = Debug|Any CPU
		{1BC92930-CAA2-480F-8465-7793AF009026}.Release|Any CPU.ActiveCfg = Release|Any CPU
		{1BC92930-CAA2-480F-8465-7793AF009026}.Release|Any CPU.Build.0 = Release|Any CPU
		{484DA8C0-8F61-4941-807E-9FB90AFA74AD}.Debug|Any CPU.ActiveCfg = Debug|Any CPU
		{484DA8C0-8F61-4941-807E-9FB90AFA74AD}.Debug|Any CPU.Build.0 = Debug|Any CPU
		{484DA8C0-8F61-4941-807E-9FB90AFA74AD}.Release|Any CPU.ActiveCfg = Release|Any CPU
		{484DA8C0-8F61-4941-807E-9FB90AFA74AD}.Release|Any CPU.Build.0 = Release|Any CPU
		{7ED88F37-101A-45CF-9A36-39572C8DA032}.Debug|Any CPU.ActiveCfg = Debug|Any CPU
		{7ED88F37-101A-45CF-9A36-39572C8DA032}.Debug|Any CPU.Build.0 = Debug|Any CPU
		{7ED88F37-101A-45CF-9A36-39572C8DA032}.Release|Any CPU.ActiveCfg = Release|Any CPU
		{7ED88F37-101A-45CF-9A36-39572C8DA032}.Release|Any CPU.Build.0 = Release|Any CPU
		{47835D9D-9DC0-485A-8716-5FC8D11FF894}.Debug|Any CPU.ActiveCfg = Debug|Any CPU
		{47835D9D-9DC0-485A-8716-5FC8D11FF894}.Debug|Any CPU.Build.0 = Debug|Any CPU
		{47835D9D-9DC0-485A-8716-5FC8D11FF894}.Release|Any CPU.ActiveCfg = Release|Any CPU
		{47835D9D-9DC0-485A-8716-5FC8D11FF894}.Release|Any CPU.Build.0 = Release|Any CPU
		{127D01DE-AA5B-4589-BFA8-F316D9013D90}.Debug|Any CPU.ActiveCfg = Debug|Any CPU
		{127D01DE-AA5B-4589-BFA8-F316D9013D90}.Debug|Any CPU.Build.0 = Debug|Any CPU
		{127D01DE-AA5B-4589-BFA8-F316D9013D90}.Release|Any CPU.ActiveCfg = Release|Any CPU
		{127D01DE-AA5B-4589-BFA8-F316D9013D90}.Release|Any CPU.Build.0 = Release|Any CPU
	EndGlobalSection
	GlobalSection(SolutionProperties) = preSolution
		HideSolutionNode = FALSE
	EndGlobalSection
	GlobalSection(NestedProjects) = preSolution
		{D7879663-8038-4085-9929-C289DD672BBA} = {CA9FF0D3-8CA8-4D2A-A008-072B93AAB8F8}
		{33EC3AF1-917D-4DFB-BCEB-0AB9BB517938} = {CA9FF0D3-8CA8-4D2A-A008-072B93AAB8F8}
		{11DB7CFE-D916-46DD-82F5-C94D9792B9DB} = {CA9FF0D3-8CA8-4D2A-A008-072B93AAB8F8}
		{AE60CB67-7573-49EE-98D9-E3124749E8BD} = {33EC3AF1-917D-4DFB-BCEB-0AB9BB517938}
		{BA12BB10-B187-44CE-93D3-FDFCE73EED9C} = {33EC3AF1-917D-4DFB-BCEB-0AB9BB517938}
		{1BC92930-CAA2-480F-8465-7793AF009026} = {11DB7CFE-D916-46DD-82F5-C94D9792B9DB}
		{484DA8C0-8F61-4941-807E-9FB90AFA74AD} = {11DB7CFE-D916-46DD-82F5-C94D9792B9DB}
		{7ED88F37-101A-45CF-9A36-39572C8DA032} = {D7879663-8038-4085-9929-C289DD672BBA}
		{47835D9D-9DC0-485A-8716-5FC8D11FF894} = {11DB7CFE-D916-46DD-82F5-C94D9792B9DB}
		{127D01DE-AA5B-4589-BFA8-F316D9013D90} = {11DB7CFE-D916-46DD-82F5-C94D9792B9DB}
	EndGlobalSection
	GlobalSection(ExtensibilityGlobals) = postSolution
		SolutionGuid = {7DF24848-3454-466A-A96B-09D97D4D05AD}
	EndGlobalSection
EndGlobal
